<Solution>
  <Project Path="Oficina.Api/Oficina.Api.csproj" />
  <Project Path="Oficina.Application.Tests/Oficina.Application.Tests.csproj" />
  <Project Path="Oficina.Application/Oficina.Application.csproj" />
  <Project Path="Oficina.Domain/Oficina.Domain.csproj" />
  <Project Path="Oficina.Infrastructure/Oficina.Infrastructure.csproj" />
  <Project Path="Oficina.Persistence/Oficina.Persistence.csproj" />
</Solution>
